
Microsoft Visual Studio Solution File, Format Version 12.00
# Visual Studio Version 17
VisualStudioVersion = 17.5.33516.290
MinimumVisualStudioVersion = 10.0.40219.1
Project("{FAE04EC0-301F-11D3-BF4B-00C04F79EFBC}") = "CA230525", "CA230525.csproj", "{19247D9F-E958-4C3A-86D6-94A60518E195}"
EndProject
Global
	GlobalSection(SolutionConfigurationPlatforms) = preSolution
		Debug|Any CPU = Debug|Any CPU
		Release|Any CPU = Release|Any CPU
	EndGlobalSection
	GlobalSection(ProjectConfigurationPlatforms) = postSolution
		{19247D9F-E958-4C3A-86D6-94A60518E195}.Debug|Any CPU.ActiveCfg = Debug|Any CPU
		{19247D9F-E958-4C3A-86D6-94A60518E195}.Debug|Any CPU.Build.0 = Debug|Any CPU
		{19247D9F-E958-4C3A-86D6-94A60518E195}.Release|Any CPU.ActiveCfg = Release|Any CPU
		{19247D9F-E958-4C3A-86D6-94A60518E195}.Release|Any CPU.Build.0 = Release|Any CPU
	EndGlobalSection
	GlobalSection(SolutionProperties) = preSolution
		HideSolutionNode = FALSE
	EndGlobalSection
	GlobalSection(ExtensibilityGlobals) = postSolution
		SolutionGuid = {C525705B-B0D1-4ABD-99E3-55A476B7FAC5}
	EndGlobalSection
EndGlobal
